Microsoft Visual Studio Solution File, Format Version 12.00
# Visual Studio Version 17
VisualStudioVersion = 17.5.2.0
MinimumVisualStudioVersion = 10.0.40219.1
Project("{2150E333-8FDC-42A3-9474-1A3956D46DE8}") = "Occult4", "Occult4", "{999C0D71-E584-80B3-5AD4-DED0C8E48BA8}"
EndProject
Project("{FAE04EC0-301F-11D3-BF4B-00C04F79EFBC}") = "OccultUtilities", "Occult4\OccultUtilities.csproj", "{6B9C580D-0883-A3EE-CA82-F4059529DD4D}"
EndProject
Project("{FAE04EC0-301F-11D3-BF4B-00C04F79EFBC}") = "Occult", "Occult4\Occult.csproj", "{BCF39445-A266-B0F0-B403-EB30A0B47256}"
EndProject
Global
	GlobalSection(SolutionConfigurationPlatforms) = preSolution
		Debug|Any CPU = Debug|Any CPU
		Release|Any CPU = Release|Any CPU
	EndGlobalSection
	GlobalSection(ProjectConfigurationPlatforms) = postSolution
		{6B9C580D-0883-A3EE-CA82-F4059529DD4D}.Debug|Any CPU.ActiveCfg = Debug|Any CPU
		{6B9C580D-0883-A3EE-CA82-F4059529DD4D}.Debug|Any CPU.Build.0 = Debug|Any CPU
		{6B9C580D-0883-A3EE-CA82-F4059529DD4D}.Release|Any CPU.ActiveCfg = Release|Any CPU
		{6B9C580D-0883-A3EE-CA82-F4059529DD4D}.Release|Any CPU.Build.0 = Release|Any CPU
		{BCF39445-A266-B0F0-B403-EB30A0B47256}.Debug|Any CPU.ActiveCfg = Debug|Any CPU
		{BCF39445-A266-B0F0-B403-EB30A0B47256}.Debug|Any CPU.Build.0 = Debug|Any CPU
		{BCF39445-A266-B0F0-B403-EB30A0B47256}.Release|Any CPU.ActiveCfg = Release|Any CPU
		{BCF39445-A266-B0F0-B403-EB30A0B47256}.Release|Any CPU.Build.0 = Release|Any CPU
	EndGlobalSection
	GlobalSection(SolutionProperties) = preSolution
		HideSolutionNode = FALSE
	EndGlobalSection
	GlobalSection(NestedProjects) = preSolution
		{6B9C580D-0883-A3EE-CA82-F4059529DD4D} = {999C0D71-E584-80B3-5AD4-DED0C8E48BA8}
		{BCF39445-A266-B0F0-B403-EB30A0B47256} = {999C0D71-E584-80B3-5AD4-DED0C8E48BA8}
	EndGlobalSection
	GlobalSection(ExtensibilityGlobals) = postSolution
		SolutionGuid = {57C2E874-9879-4015-8533-C5FC842B1681}
	EndGlobalSection
EndGlobal
